
Microsoft Visual Studio Solution File, Format Version 12.00
# Visual Studio Version 17
VisualStudioVersion = 17.9.34728.123
MinimumVisualStudioVersion = 10.0.40219.1
Project("{FAE04EC0-301F-11D3-BF4B-00C04F79EFBC}") = "Ejemplo01", "Ejemplo01\Ejemplo01.csproj", "{6D58F357-E307-49B9-BE6B-1C80CD0C3415}"
EndProject
Global
	GlobalSection(SolutionConfigurationPlatforms) = preSolution
		Debug|Any CPU = Debug|Any CPU
		Release|Any CPU = Release|Any CPU
	EndGlobalSection
	GlobalSection(ProjectConfigurationPlatforms) = postSolution
		{6D58F357-E307-49B9-BE6B-1C80CD0C3415}.Debug|Any CPU.ActiveCfg = Debug|Any CPU
		{6D58F357-E307-49B9-BE6B-1C80CD0C3415}.Debug|Any CPU.Build.0 = Debug|Any CPU
		{6D58F357-E307-49B9-BE6B-1C80CD0C3415}.Release|Any CPU.ActiveCfg = Release|Any CPU
		{6D58F357-E307-49B9-BE6B-1C80CD0C3415}.Release|Any CPU.Build.0 = Release|Any CPU
	EndGlobalSection
	GlobalSection(SolutionProperties) = preSolution
		HideSolutionNode = FALSE
	EndGlobalSection
	GlobalSection(ExtensibilityGlobals) = postSolution
		SolutionGuid = {A8EE549A-82B2-4C6B-8D7E-D66EC1584C21}
	EndGlobalSection
EndGlobal
